<Solution>
  <Project Path="../../packages/sdk/assetlink/dotnet/AssetLibrary.AssetLink.csproj" />
  <Project Path="Core/AssetLibrary.Windows.Core.csproj" />
  <Project Path="Session/AssetLibrary.Windows.Session.csproj" />
  <Project Path="Settings/AssetLibrary.Windows.Settings.csproj" />
  <Project Path="AssetHost/AssetLibrary.Windows.AssetHost.csproj" />
  <Project Path="../../tests/windows-client/AssetLibrary.Windows.Tests.csproj" />
</Solution>
